
Microsoft Visual Studio Solution File, Format Version 12.00
# Visual Studio Version 17
VisualStudioVersion = 17.6.33829.357
MinimumVisualStudioVersion = 10.0.40219.1
Project("{54A90642-561A-4BB1-A94E-469ADEE60C69}") = "sweeseng789.github.io.Angular", "sweeseng789.github.io.Angular.esproj", "{20D4C386-ACAF-48DC-A255-1C89E2096F6A}"
EndProject
Global
	GlobalSection(SolutionConfigurationPlatforms) = preSolution
		Debug|Any CPU = Debug|Any CPU
		Release|Any CPU = Release|Any CPU
	EndGlobalSection
	GlobalSection(ProjectConfigurationPlatforms) = postSolution
		{20D4C386-ACAF-48DC-A255-1C89E2096F6A}.Debug|Any CPU.ActiveCfg = Debug|Any CPU
		{20D4C386-ACAF-48DC-A255-1C89E2096F6A}.Debug|Any CPU.Build.0 = Debug|Any CPU
		{20D4C386-ACAF-48DC-A255-1C89E2096F6A}.Debug|Any CPU.Deploy.0 = Debug|Any CPU
		{20D4C386-ACAF-48DC-A255-1C89E2096F6A}.Release|Any CPU.ActiveCfg = Release|Any CPU
		{20D4C386-ACAF-48DC-A255-1C89E2096F6A}.Release|Any CPU.Build.0 = Release|Any CPU
		{20D4C386-ACAF-48DC-A255-1C89E2096F6A}.Release|Any CPU.Deploy.0 = Release|Any CPU
	EndGlobalSection
	GlobalSection(SolutionProperties) = preSolution
		HideSolutionNode = FALSE
	EndGlobalSection
	GlobalSection(ExtensibilityGlobals) = postSolution
		SolutionGuid = {48C3536A-10D1-4324-8245-B440138BD239}
	EndGlobalSection
EndGlobal
